
Microsoft Visual Studio Solution File, Format Version 12.00
# Visual Studio Version 16
VisualStudioVersion = 16.0.29411.108
MinimumVisualStudioVersion = 10.0.40219.1
Project("{FAE04EC0-301F-11D3-BF4B-00C04F79EFBC}") = "DependencyInjection", "DependencyInjection\DependencyInjection.csproj", "{07A2C34B-4C9F-4CF0-8B42-BC6ADB2E8946}"
EndProject
Project("{FAE04EC0-301F-11D3-BF4B-00C04F79EFBC}") = "DependencyInjection.Tests", "DependencyInjection.Tests\DependencyInjection.Tests.csproj", "{52B97CB4-85DE-415E-A605-69913977251A}"
EndProject
Global
	GlobalSection(SolutionConfigurationPlatforms) = preSolution
		Debug|Any CPU = Debug|Any CPU
		Release|Any CPU = Release|Any CPU
	EndGlobalSection
	GlobalSection(ProjectConfigurationPlatforms) = postSolution
		{07A2C34B-4C9F-4CF0-8B42-BC6ADB2E8946}.Debug|Any CPU.ActiveCfg = Debug|Any CPU
		{07A2C34B-4C9F-4CF0-8B42-BC6ADB2E8946}.Debug|Any CPU.Build.0 = Debug|Any CPU
		{07A2C34B-4C9F-4CF0-8B42-BC6ADB2E8946}.Release|Any CPU.ActiveCfg = Release|Any CPU
		{07A2C34B-4C9F-4CF0-8B42-BC6ADB2E8946}.Release|Any CPU.Build.0 = Release|Any CPU
		{52B97CB4-85DE-415E-A605-69913977251A}.Debug|Any CPU.ActiveCfg = Debug|Any CPU
		{52B97CB4-85DE-415E-A605-69913977251A}.Debug|Any CPU.Build.0 = Debug|Any CPU
		{52B97CB4-85DE-415E-A605-69913977251A}.Release|Any CPU.ActiveCfg = Release|Any CPU
		{52B97CB4-85DE-415E-A605-69913977251A}.Release|Any CPU.Build.0 = Release|Any CPU
	EndGlobalSection
	GlobalSection(SolutionProperties) = preSolution
		HideSolutionNode = FALSE
	EndGlobalSection
	GlobalSection(ExtensibilityGlobals) = postSolution
		SolutionGuid = {BB31DA7E-65FE-4F18-82F9-B233D45B8419}
	EndGlobalSection
EndGlobal
